
Microsoft Visual Studio Solution File, Format Version 12.00
# Visual Studio Version 16
VisualStudioVersion = 16.0.31129.286
MinimumVisualStudioVersion = 10.0.40219.1
Project("{FAE04EC0-301F-11D3-BF4B-00C04F79EFBC}") = "CueTimerAPIClient", "CueTimerAPIClient\CueTimerAPIClient.csproj", "{D87EAF07-1DD0-4EBB-ADD7-4481FCAA3D9C}"
EndProject
Global
	GlobalSection(SolutionConfigurationPlatforms) = preSolution
		Debug|Any CPU = Debug|Any CPU
		Release|Any CPU = Release|Any CPU
	EndGlobalSection
	GlobalSection(ProjectConfigurationPlatforms) = postSolution
		{D87EAF07-1DD0-4EBB-ADD7-4481FCAA3D9C}.Debug|Any CPU.ActiveCfg = Debug|Any CPU
		{D87EAF07-1DD0-4EBB-ADD7-4481FCAA3D9C}.Debug|Any CPU.Build.0 = Debug|Any CPU
		{D87EAF07-1DD0-4EBB-ADD7-4481FCAA3D9C}.Release|Any CPU.ActiveCfg = Release|Any CPU
		{D87EAF07-1DD0-4EBB-ADD7-4481FCAA3D9C}.Release|Any CPU.Build.0 = Release|Any CPU
		{216F9873-C08A-4A43-9EA4-2C0A33884B86}.Debug|Any CPU.ActiveCfg = Debug|Any CPU
		{216F9873-C08A-4A43-9EA4-2C0A33884B86}.Debug|Any CPU.Build.0 = Debug|Any CPU
		{216F9873-C08A-4A43-9EA4-2C0A33884B86}.Release|Any CPU.ActiveCfg = Release|Any CPU
		{216F9873-C08A-4A43-9EA4-2C0A33884B86}.Release|Any CPU.Build.0 = Release|Any CPU
	EndGlobalSection
	GlobalSection(SolutionProperties) = preSolution
		HideSolutionNode = FALSE
	EndGlobalSection
	GlobalSection(ExtensibilityGlobals) = postSolution
		SolutionGuid = {FD1EE620-4B83-418E-B941-780F45464B10}
	EndGlobalSection
EndGlobal
